
Microsoft Visual Studio Solution File, Format Version 12.00
# Visual Studio Version 17
VisualStudioVersion = 17.0.31903.59
MinimumVisualStudioVersion = 10.0.40219.1
Project("{FAE04EC0-301F-11D3-BF4B-00C04F79EFBC}") = "匿名型", "匿名型.csproj", "{9AEB7D7F-412C-4413-85D1-9E246C0A9500}"
EndProject
Global
	GlobalSection(SolutionConfigurationPlatforms) = preSolution
		Debug|Any CPU = Debug|Any CPU
		Release|Any CPU = Release|Any CPU
	EndGlobalSection
	GlobalSection(ProjectConfigurationPlatforms) = postSolution
		{9AEB7D7F-412C-4413-85D1-9E246C0A9500}.Debug|Any CPU.ActiveCfg = Debug|Any CPU
		{9AEB7D7F-412C-4413-85D1-9E246C0A9500}.Debug|Any CPU.Build.0 = Debug|Any CPU
		{9AEB7D7F-412C-4413-85D1-9E246C0A9500}.Release|Any CPU.ActiveCfg = Release|Any CPU
		{9AEB7D7F-412C-4413-85D1-9E246C0A9500}.Release|Any CPU.Build.0 = Release|Any CPU
	EndGlobalSection
	GlobalSection(SolutionProperties) = preSolution
		HideSolutionNode = FALSE
	EndGlobalSection
	GlobalSection(ExtensibilityGlobals) = postSolution
		SolutionGuid = {F9D747D0-A09A-45E6-9EB9-CB17DDEC82CA}
	EndGlobalSection
EndGlobal
